
Microsoft Visual Studio Solution File, Format Version 12.00
# Visual Studio Version 17
VisualStudioVersion = 17.0.31903.59
MinimumVisualStudioVersion = 10.0.40219.1
Project("{FAE04EC0-301F-11D3-BF4B-00C04F79EFBC}") = "ERMS.Domain", "ERMS.Domain\ERMS.Domain.csproj", "{6EAAEB08-3F33-4F76-954F-2A7E7A5907AD}"
EndProject
Project("{FAE04EC0-301F-11D3-BF4B-00C04F79EFBC}") = "ERMS.Application", "ERMS.Application\ERMS.Application.csproj", "{8506638A-750E-4582-8ACC-EF21C856EBAD}"
EndProject
Project("{FAE04EC0-301F-11D3-BF4B-00C04F79EFBC}") = "ERMS.Infrastructure", "ERMS.Infrastructure\ERMS.Infrastructure.csproj", "{93953E3B-2A0B-4CF5-9F55-272E4778910B}"
EndProject
Project("{FAE04EC0-301F-11D3-BF4B-00C04F79EFBC}") = "ERMS.Api", "ERMS.Api\ERMS.Api.csproj", "{CEBD7614-F66F-4FE4-9517-B37335CBDE71}"
EndProject
Global
	GlobalSection(SolutionConfigurationPlatforms) = preSolution
		Debug|Any CPU = Debug|Any CPU
		Debug|x64 = Debug|x64
		Debug|x86 = Debug|x86
		Release|Any CPU = Release|Any CPU
		Release|x64 = Release|x64
		Release|x86 = Release|x86
	EndGlobalSection
	GlobalSection(ProjectConfigurationPlatforms) = postSolution
		{6EAAEB08-3F33-4F76-954F-2A7E7A5907AD}.Debug|Any CPU.ActiveCfg = Debug|Any CPU
		{6EAAEB08-3F33-4F76-954F-2A7E7A5907AD}.Debug|Any CPU.Build.0 = Debug|Any CPU
		{6EAAEB08-3F33-4F76-954F-2A7E7A5907AD}.Debug|x64.ActiveCfg = Debug|Any CPU
		{6EAAEB08-3F33-4F76-954F-2A7E7A5907AD}.Debug|x64.Build.0 = Debug|Any CPU
		{6EAAEB08-3F33-4F76-954F-2A7E7A5907AD}.Debug|x86.ActiveCfg = Debug|Any CPU
		{6EAAEB08-3F33-4F76-954F-2A7E7A5907AD}.Debug|x86.Build.0 = Debug|Any CPU
		{6EAAEB08-3F33-4F76-954F-2A7E7A5907AD}.Release|Any CPU.ActiveCfg = Release|Any CPU
		{6EAAEB08-3F33-4F76-954F-2A7E7A5907AD}.Release|Any CPU.Build.0 = Release|Any CPU
		{6EAAEB08-3F33-4F76-954F-2A7E7A5907AD}.Release|x64.ActiveCfg = Release|Any CPU
		{6EAAEB08-3F33-4F76-954F-2A7E7A5907AD}.Release|x64.Build.0 = Release|Any CPU
		{6EAAEB08-3F33-4F76-954F-2A7E7A5907AD}.Release|x86.ActiveCfg = Release|Any CPU
		{6EAAEB08-3F33-4F76-954F-2A7E7A5907AD}.Release|x86.Build.0 = Release|Any CPU
		{8506638A-750E-4582-8ACC-EF21C856EBAD}.Debug|Any CPU.ActiveCfg = Debug|Any CPU
		{8506638A-750E-4582-8ACC-EF21C856EBAD}.Debug|Any CPU.Build.0 = Debug|Any CPU
		{8506638A-750E-4582-8ACC-EF21C856EBAD}.Debug|x64.ActiveCfg = Debug|Any CPU
		{8506638A-750E-4582-8ACC-EF21C856EBAD}.Debug|x64.Build.0 = Debug|Any CPU
		{8506638A-750E-4582-8ACC-EF21C856EBAD}.Debug|x86.ActiveCfg = Debug|Any CPU
		{8506638A-750E-4582-8ACC-EF21C856EBAD}.Debug|x86.Build.0 = Debug|Any CPU
		{8506638A-750E-4582-8ACC-EF21C856EBAD}.Release|Any CPU.ActiveCfg = Release|Any CPU
		{8506638A-750E-4582-8ACC-EF21C856EBAD}.Release|Any CPU.Build.0 = Release|Any CPU
		{8506638A-750E-4582-8ACC-EF21C856EBAD}.Release|x64.ActiveCfg = Release|Any CPU
		{8506638A-750E-4582-8ACC-EF21C856EBAD}.Release|x64.Build.0 = Release|Any CPU
		{8506638A-750E-4582-8ACC-EF21C856EBAD}.Release|x86.ActiveCfg = Release|Any CPU
		{8506638A-750E-4582-8ACC-EF21C856EBAD}.Release|x86.Build.0 = Release|Any CPU
		{93953E3B-2A0B-4CF5-9F55-272E4778910B}.Debug|Any CPU.ActiveCfg = Debug|Any CPU
		{93953E3B-2A0B-4CF5-9F55-272E4778910B}.Debug|Any CPU.Build.0 = Debug|Any CPU
		{93953E3B-2A0B-4CF5-9F55-272E4778910B}.Debug|x64.ActiveCfg = Debug|Any CPU
		{93953E3B-2A0B-4CF5-9F55-272E4778910B}.Debug|x64.Build.0 = Debug|Any CPU
		{93953E3B-2A0B-4CF5-9F55-272E4778910B}.Debug|x86.ActiveCfg = Debug|Any CPU
		{93953E3B-2A0B-4CF5-9F55-272E4778910B}.Debug|x86.Build.0 = Debug|Any CPU
		{93953E3B-2A0B-4CF5-9F55-272E4778910B}.Release|Any CPU.ActiveCfg = Release|Any CPU
		{93953E3B-2A0B-4CF5-9F55-272E4778910B}.Release|Any CPU.Build.0 = Release|Any CPU
		{93953E3B-2A0B-4CF5-9F55-272E4778910B}.Release|x64.ActiveCfg = Release|Any CPU
		{93953E3B-2A0B-4CF5-9F55-272E4778910B}.Release|x64.Build.0 = Release|Any CPU
		{93953E3B-2A0B-4CF5-9F55-272E4778910B}.Release|x86.ActiveCfg = Release|Any CPU
		{93953E3B-2A0B-4CF5-9F55-272E4778910B}.Release|x86.Build.0 = Release|Any CPU
		{CEBD7614-F66F-4FE4-9517-B37335CBDE71}.Debug|Any CPU.ActiveCfg = Debug|Any CPU
		{CEBD7614-F66F-4FE4-9517-B37335CBDE71}.Debug|Any CPU.Build.0 = Debug|Any CPU
		{CEBD7614-F66F-4FE4-9517-B37335CBDE71}.Debug|x64.ActiveCfg = Debug|Any CPU
		{CEBD7614-F66F-4FE4-9517-B37335CBDE71}.Debug|x64.Build.0 = Debug|Any CPU
		{CEBD7614-F66F-4FE4-9517-B37335CBDE71}.Debug|x86.ActiveCfg = Debug|Any CPU
		{CEBD7614-F66F-4FE4-9517-B37335CBDE71}.Debug|x86.Build.0 = Debug|Any CPU
		{CEBD7614-F66F-4FE4-9517-B37335CBDE71}.Release|Any CPU.ActiveCfg = Release|Any CPU
		{CEBD7614-F66F-4FE4-9517-B37335CBDE71}.Release|Any CPU.Build.0 = Release|Any CPU
		{CEBD7614-F66F-4FE4-9517-B37335CBDE71}.Release|x64.ActiveCfg = Release|Any CPU
		{CEBD7614-F66F-4FE4-9517-B37335CBDE71}.Release|x64.Build.0 = Release|Any CPU
		{CEBD7614-F66F-4FE4-9517-B37335CBDE71}.Release|x86.ActiveCfg = Release|Any CPU
		{CEBD7614-F66F-4FE4-9517-B37335CBDE71}.Release|x86.Build.0 = Release|Any CPU
	EndGlobalSection
	GlobalSection(SolutionProperties) = preSolution
		HideSolutionNode = FALSE
	EndGlobalSection
EndGlobal
